
Microsoft Visual Studio Solution File, Format Version 12.00
# Visual Studio 14
VisualStudioVersion = 14.0.23107.0
MinimumVisualStudioVersion = 10.0.40219.1
Project("{FAE04EC0-301F-11D3-BF4B-00C04F79EFBC}") = "BZLauncher", "BZLauncher.csproj", "{43714CD0-7020-4F1D-A70D-0AA40655FE02}"
EndProject
Project("{54435603-DBB4-11D2-8724-00A0C9A8B90C}") = "BZLauncherInstall", "BZLauncherInstall\BZLauncherInstall.vdproj", "{CF038F60-6073-43F7-BD26-8DFDFDB37A63}"
EndProject
Global
	GlobalSection(SolutionConfigurationPlatforms) = preSolution
		Debug|Any CPU = Debug|Any CPU
		Release|Any CPU = Release|Any CPU
	EndGlobalSection
	GlobalSection(ProjectConfigurationPlatforms) = postSolution
		{43714CD0-7020-4F1D-A70D-0AA40655FE02}.Debug|Any CPU.ActiveCfg = Debug|Any CPU
		{43714CD0-7020-4F1D-A70D-0AA40655FE02}.Debug|Any CPU.Build.0 = Debug|Any CPU
		{43714CD0-7020-4F1D-A70D-0AA40655FE02}.Release|Any CPU.ActiveCfg = Release|Any CPU
		{43714CD0-7020-4F1D-A70D-0AA40655FE02}.Release|Any CPU.Build.0 = Release|Any CPU
		{CF038F60-6073-43F7-BD26-8DFDFDB37A63}.Debug|Any CPU.ActiveCfg = Debug
		{CF038F60-6073-43F7-BD26-8DFDFDB37A63}.Release|Any CPU.ActiveCfg = Release
	EndGlobalSection
	GlobalSection(SolutionProperties) = preSolution
		HideSolutionNode = FALSE
	EndGlobalSection
EndGlobal
